
Microsoft Visual Studio Solution File, Format Version 12.00
# Visual Studio Version 17
VisualStudioVersion = 17.12.35707.178
MinimumVisualStudioVersion = 10.0.40219.1
Project("{FAE04EC0-301F-11D3-BF4B-00C04F79EFBC}") = "NetworkUdp", "NetworkUdp\NetworkUdp.csproj", "{D21D6498-DA4A-4FF6-989A-7BADCC3F0380}"
EndProject
Project("{FAE04EC0-301F-11D3-BF4B-00C04F79EFBC}") = "TopChat.API", "..\topchat-microkernel-api\topchat-logic\TopChat.API\TopChat.API.csproj", "{AD9DCCF7-3339-4233-8AE2-4748BAFE3C13}"
EndProject
Global
	GlobalSection(SolutionConfigurationPlatforms) = preSolution
		Debug|Any CPU = Debug|Any CPU
		Release|Any CPU = Release|Any CPU
	EndGlobalSection
	GlobalSection(ProjectConfigurationPlatforms) = postSolution
		{D21D6498-DA4A-4FF6-989A-7BADCC3F0380}.Debug|Any CPU.ActiveCfg = Debug|Any CPU
		{D21D6498-DA4A-4FF6-989A-7BADCC3F0380}.Debug|Any CPU.Build.0 = Debug|Any CPU
		{D21D6498-DA4A-4FF6-989A-7BADCC3F0380}.Release|Any CPU.ActiveCfg = Release|Any CPU
		{D21D6498-DA4A-4FF6-989A-7BADCC3F0380}.Release|Any CPU.Build.0 = Release|Any CPU
		{AD9DCCF7-3339-4233-8AE2-4748BAFE3C13}.Debug|Any CPU.ActiveCfg = Debug|Any CPU
		{AD9DCCF7-3339-4233-8AE2-4748BAFE3C13}.Debug|Any CPU.Build.0 = Debug|Any CPU
		{AD9DCCF7-3339-4233-8AE2-4748BAFE3C13}.Release|Any CPU.ActiveCfg = Release|Any CPU
		{AD9DCCF7-3339-4233-8AE2-4748BAFE3C13}.Release|Any CPU.Build.0 = Release|Any CPU
	EndGlobalSection
	GlobalSection(SolutionProperties) = preSolution
		HideSolutionNode = FALSE
	EndGlobalSection
EndGlobal
